
Microsoft Visual Studio Solution File, Format Version 12.00
# Visual Studio Version 16
VisualStudioVersion = 16.0.31424.327
MinimumVisualStudioVersion = 10.0.40219.1
Project("{FAE04EC0-301F-11D3-BF4B-00C04F79EFBC}") = "WpfApp8", "WpfApp8\WpfApp8.csproj", "{A90B55ED-60C7-40BB-BB4D-B9AC444A8A9D}"
EndProject
Global
	GlobalSection(SolutionConfigurationPlatforms) = preSolution
		Debug|Any CPU = Debug|Any CPU
		Release|Any CPU = Release|Any CPU
	EndGlobalSection
	GlobalSection(ProjectConfigurationPlatforms) = postSolution
		{A90B55ED-60C7-40BB-BB4D-B9AC444A8A9D}.Debug|Any CPU.ActiveCfg = Debug|Any CPU
		{A90B55ED-60C7-40BB-BB4D-B9AC444A8A9D}.Debug|Any CPU.Build.0 = Debug|Any CPU
		{A90B55ED-60C7-40BB-BB4D-B9AC444A8A9D}.Release|Any CPU.ActiveCfg = Release|Any CPU
		{A90B55ED-60C7-40BB-BB4D-B9AC444A8A9D}.Release|Any CPU.Build.0 = Release|Any CPU
	EndGlobalSection
	GlobalSection(SolutionProperties) = preSolution
		HideSolutionNode = FALSE
	EndGlobalSection
	GlobalSection(ExtensibilityGlobals) = postSolution
		SolutionGuid = {00041C18-33D2-4F8F-B5DA-44B93496F5E5}
	EndGlobalSection
EndGlobal
